// !$*UTF8*$!
{
	archiveVersion = 1;
	classes = {
	};
	objectVersion = 56;
	objects = {

/* Begin PBXBuildFile section */
		8CB952292A17A69000DF5940 /* AppDelegate.swift in Sources */ = {isa = PBXBuildFile; fileRef = 8CB952282A17A69000DF5940 /* AppDelegate.swift */; };
		8CB9522B2A17A69000DF5940 /* SceneDelegate.swift in Sources */ = {isa = PBXBuildFile; fileRef = 8CB9522A2A17A69000DF5940 /* SceneDelegate.swift */; };
		8CB9522D2A17A69000DF5940 /* ViewController.swift in Sources */ = {isa = PBXBuildFile; fileRef = 8CB9522C2A17A69000DF5940 /* ViewController.swift */; };
		8CB952302A17A69000DF5940 /* Main.storyboard in Resources */ = {isa = PBXBuildFile; fileRef = 8CB9522E2A17A69000DF5940 /* Main.storyboard */; };
		8CB952322A17A69100DF5940 /* Assets.xcassets in Resources */ = {isa = PBXBuildFile; fileRef = 8CB952312A17A69100DF5940 /* Assets.xcassets */; };
		8CB952352A17A69100DF5940 /* LaunchScreen.storyboard in Resources */ = {isa = PBXBuildFile; fileRef = 8CB952332A17A69100DF5940 /* LaunchScreen.storyboard */; };
		8CB952402A17A69200DF5940 /* GithubUsersTests.swift in Sources */ = {isa = PBXBuildFile; fileRef = 8CB9523F2A17A69200DF5940 /* GithubUsersTests.swift */; };
		8CB9524A2A17A69200DF5940 /* GithubUsersUITests.swift in Sources */ = {isa = PBXBuildFile; fileRef = 8CB952492A17A69200DF5940 /* GithubUsersUITests.swift */; };
		8CB9524C2A17A69200DF5940 /* GithubUsersUITestsLaunchTests.swift in Sources */ = {isa = PBXBuildFile; fileRef = 8CB9524B2A17A69200DF5940 /* GithubUsersUITestsLaunchTests.swift */; };
/* End PBXBuildFile section */

/* Begin PBXContainerItemProxy section */
		8CB9523C2A17A69200DF5940 /* PBXContainerItemProxy */ = {
			isa = PBXContainerItemProxy;
			containerPortal = 8CB9521D2A17A69000DF5940 /* Project object */;
			proxyType = 1;
			remoteGlobalIDString = 8CB952242A17A69000DF5940;
			remoteInfo = GithubUsers;
		};
		8CB952462A17A69200DF5940 /* PBXContainerItemProxy */ = {
			isa = PBXContainerItemProxy;
			containerPortal = 8CB9521D2A17A69000DF5940 /* Project object */;
			proxyType = 1;
			remoteGlobalIDString = 8CB952242A17A69000DF5940;
			remoteInfo = GithubUsers;
		};
/* End PBXContainerItemProxy section */

/* Begin PBXFileReference section */
		8CB952252A17A69000DF5940 /* GithubUsers.app */ = {isa = PBXFileReference; explicitFileType = wrapper.application; includeInIndex = 0; path = GithubUsers.app; sourceTree = BUILT_PRODUCTS_DIR; };
		8CB952282A17A69000DF5940 /* AppDelegate.swift */ = {isa = PBXFileReference; lastKnownFileType = sourcecode.swift; path = AppDelegate.swift; sourceTree = "<group>"; };
		8CB9522A2A17A69000DF5940 /* SceneDelegate.swift */ = {isa = PBXFileReference; lastKnownFileType = sourcecode.swift; path = SceneDelegate.swift; sourceTree = "<group>"; };
		8CB9522C2A17A69000DF5940 /* ViewController.swift */ = {isa = PBXFileReference; lastKnownFileType = sourcecode.swift; path = ViewController.swift; sourceTree = "<group>"; };
		8CB9522F2A17A69000DF5940 /* Base */ = {isa = PBXFileReference; lastKnownFileType = file.storyboard; name = Base; path = Base.lproj/Main.storyboard; sourceTree = "<group>"; };
		8CB952312A17A69100DF5940 /* Assets.xcassets */ = {isa = PBXFileReference; lastKnownFileType = folder.assetcatalog; path = Assets.xcassets; sourceTree = "<group>"; };
		8CB952342A17A69100DF5940 /* Base */ = {isa = PBXFileReference; lastKnownFileType = file.storyboard; name = Base; path = Base.lproj/LaunchScreen.storyboard; sourceTree = "<group>"; };
		8CB952362A17A69100DF5940 /* Info.plist */ = {isa = PBXFileReference; lastKnownFileType = text.plist.xml; path = Info.plist; sourceTree = "<group>"; };
		8CB9523B2A17A69200DF5940 /* GithubUsersTests.xctest */ = {isa = PBXFileReference; explicitFileType = wrapper.cfbundle; includeInIndex = 0; path = GithubUsersTests.xctest; sourceTree = BUILT_PRODUCTS_DIR; };
		8CB9523F2A17A69200DF5940 /* GithubUsersTests.swift */ = {isa = PBXFileReference; lastKnownFileType = sourcecode.swift; path = GithubUsersTests.swift; sourceTree = "<group>"; };
		8CB952452A17A69200DF5940 /* GithubUsersUITests.xctest */ = {isa = PBXFileReference; explicitFileType = wrapper.cfbundle; includeInIndex = 0; path = GithubUsersUITests.xctest; sourceTree = BUILT_PRODUCTS_DIR; };
		8CB952492A17A69200DF5940 /* GithubUsersUITests.swift */ = {isa = PBXFileReference; lastKnownFileType = sourcecode.swift; path = GithubUsersUITests.swift; sourceTree = "<group>"; };
		8CB9524B2A17A69200DF5940 /* GithubUsersUITestsLaunchTests.swift */ = {isa = PBXFileReference; lastKnownFileType = sourcecode.swift; path = GithubUsersUITestsLaunchTests.swift; sourceTree = "<group>"; };
/* End PBXFileReference section */

/* Begin PBXFrameworksBuildPhase section */
		8CB952222A17A69000DF5940 /* Frameworks */ = {
			isa = PBXFrameworksBuildPhase;
			buildActionMask = 2147483647;
			files = (
			);
			runOnlyForDeploymentPostprocessing = 0;
		};
		8CB952382A17A69200DF5940 /* Frameworks */ = {
			isa = PBXFrameworksBuildPhase;
			buildActionMask = 2147483647;
			files = (
			);
			runOnlyForDeploymentPostprocessing = 0;
		};
		8CB952422A17A69200DF5940 /* Frameworks */ = {
			isa = PBXFrameworksBuildPhase;
			buildActionMask = 2147483647;
			files = (
			);
			runOnlyForDeploymentPostprocessing = 0;
		};
/* End PBXFrameworksBuildPhase section */

/* Begin PBXGroup section */
		8CB9521C2A17A69000DF5940 = {
			isa = PBXGroup;
			children = (
				8CB952272A17A69000DF5940 /* GithubUsers */,
				8CB9523E2A17A69200DF5940 /* GithubUsersTests */,
				8CB952482A17A69200DF5940 /* GithubUsersUITests */,
				8CB952262A17A69000DF5940 /* Products */,
			);
			sourceTree = "<group>";
		};
		8CB952262A17A69000DF5940 /* Products */ = {
			isa = PBXGroup;
			children = (
				8CB952252A17A69000DF5940 /* GithubUsers.app */,
				8CB9523B2A17A69200DF5940 /* GithubUsersTests.xctest */,
				8CB952452A17A69200DF5940 /* GithubUsersUITests.xctest */,
			);
			name = Products;
			sourceTree = "<group>";
		};
		8CB952272A17A69000DF5940 /* GithubUsers */ = {
			isa = PBXGroup;
			children = (
				8CB952282A17A69000DF5940 /* AppDelegate.swift */,
				8CB9522A2A17A69000DF5940 /* SceneDelegate.swift */,
				8CB9522C2A17A69000DF5940 /* ViewController.swift */,
				8CB9522E2A17A69000DF5940 /* Main.storyboard */,
				8CB952312A17A69100DF5940 /* Assets.xcassets */,
				8CB952332A17A69100DF5940 /* LaunchScreen.storyboard */,
				8CB952362A17A69100DF5940 /* Info.plist */,
			);
			path = GithubUsers;
			sourceTree = "<group>";
		};
		8CB9523E2A17A69200DF5940 /* GithubUsersTests */ = {
			isa = PBXGroup;
			children = (
				8CB9523F2A17A69200DF5940 /* GithubUsersTests.swift */,
			);
			path = GithubUsersTests;
			sourceTree = "<group>";
		};
		8CB952482A17A69200DF5940 /* GithubUsersUITests */ = {
			isa = PBXGroup;
			children = (
				8CB952492A17A69200DF5940 /* GithubUsersUITests.swift */,
				8CB9524B2A17A69200DF5940 /* GithubUsersUITestsLaunchTests.swift */,
			);
			path = GithubUsersUITests;
			sourceTree = "<group>";
		};
/* End PBXGroup section */

/* Begin PBXNativeTarget section */
		8CB952242A17A69000DF5940 /* GithubUsers */ = {
			isa = PBXNativeTarget;
			buildConfigurationList = 8CB9524F2A17A69200DF5940 /* Build configuration list for PBXNativeTarget "GithubUsers" */;
			buildPhases = (
				8CB952212A17A69000DF5940 /* Sources */,
				8CB952222A17A69000DF5940 /* Frameworks */,
				8CB952232A17A69000DF5940 /* Resources */,
			);
			buildRules = (
			);
			dependencies = (
			);
			name = GithubUsers;
			productName = GithubUsers;
			productReference = 8CB952252A17A69000DF5940 /* GithubUsers.app */;
			productType = "com.apple.product-type.application";
		};
		8CB9523A2A17A69200DF5940 /* GithubUsersTests */ = {
			isa = PBXNativeTarget;
			buildConfigurationList = 8CB952522A17A69200DF5940 /* Build configuration list for PBXNativeTarget "GithubUsersTests" */;
			buildPhases = (
				8CB952372A17A69200DF5940 /* Sources */,
				8CB952382A17A69200DF5940 /* Frameworks */,
				8CB952392A17A69200DF5940 /* Resources */,
			);
			buildRules = (
			);
			dependencies = (
				8CB9523D2A17A69200DF5940 /* PBXTargetDependency */,
			);
			name = GithubUsersTests;
			productName = GithubUsersTests;
			productReference = 8CB9523B2A17A69200DF5940 /* GithubUsersTests.xctest */;
			productType = "com.apple.product-type.bundle.unit-test";
		};
		8CB952442A17A69200DF5940 /* GithubUsersUITests */ = {
			isa = PBXNativeTarget;
			buildConfigurationList = 8CB952552A17A69200DF5940 /* Build configuration list for PBXNativeTarget "GithubUsersUITests" */;
			buildPhases = (
				8CB952412A17A69200DF5940 /* Sources */,
				8CB952422A17A69200DF5940 /* Frameworks */,
				8CB952432A17A69200DF5940 /* Resources */,
			);
			buildRules = (
			);
			dependencies = (
				8CB952472A17A69200DF5940 /* PBXTargetDependency */,
			);
			name = GithubUsersUITests;
			productName = GithubUsersUITests;
			productReference = 8CB952452A17A69200DF5940 /* GithubUsersUITests.xctest */;
			productType = "com.apple.product-type.bundle.ui-testing";
		};
/* End PBXNativeTarget section */

/* Begin PBXProject section */
		8CB9521D2A17A69000DF5940 /* Project object */ = {
			isa = PBXProject;
			attributes = {
				BuildIndependentTargetsInParallel = 1;
				LastSwiftUpdateCheck = 1430;
				LastUpgradeCheck = 1430;
				TargetAttributes = {
					8CB952242A17A69000DF5940 = {
						CreatedOnToolsVersion = 14.3;
					};
					8CB9523A2A17A69200DF5940 = {
						CreatedOnToolsVersion = 14.3;
						TestTargetID = 8CB952242A17A69000DF5940;
					};
					8CB952442A17A69200DF5940 = {
						CreatedOnToolsVersion = 14.3;
						TestTargetID = 8CB952242A17A69000DF5940;
					};
				};
			};
			buildConfigurationList = 8CB952202A17A69000DF5940 /* Build configuration list for PBXProject "GithubUsers" */;
			compatibilityVersion = "Xcode 14.0";
			developmentRegion = en;
			hasScannedForEncodings = 0;
			knownRegions = (
				en,
				Base,
			);
			mainGroup = 8CB9521C2A17A69000DF5940;
			productRefGroup = 8CB952262A17A69000DF5940 /* Products */;
			projectDirPath = "";
			projectRoot = "";
			targets = (
				8CB952242A17A69000DF5940 /* GithubUsers */,
				8CB9523A2A17A69200DF5940 /* GithubUsersTests */,
				8CB952442A17A69200DF5940 /* GithubUsersUITests */,
			);
		};
/* End PBXProject section */

/* Begin PBXResourcesBuildPhase section */
		8CB952232A17A69000DF5940 /* Resources */ = {
			isa = PBXResourcesBuildPhase;
			buildActionMask = 2147483647;
			files = (
				8CB952352A17A69100DF5940 /* LaunchScreen.storyboard in Resources */,
				8CB952322A17A69100DF5940 /* Assets.xcassets in Resources */,
				8CB952302A17A69000DF5940 /* Main.storyboard in Resources */,
			);
			runOnlyForDeploymentPostprocessing = 0;
		};
		8CB952392A17A69200DF5940 /* Resources */ = {
			isa = PBXResourcesBuildPhase;
			buildActionMask = 2147483647;
			files = (
			);
			runOnlyForDeploymentPostprocessing = 0;
		};
		8CB952432A17A69200DF5940 /* Resources */ = {
			isa = PBXResourcesBuildPhase;
			buildActionMask = 2147483647;
			files = (
			);
			runOnlyForDeploymentPostprocessing = 0;
		};
/* End PBXResourcesBuildPhase section */

/* Begin PBXSourcesBuildPhase section */
		8CB952212A17A69000DF5940 /* Sources */ = {
			isa = PBXSourcesBuildPhase;
			buildActionMask = 2147483647;
			files = (
				8CB9522D2A17A69000DF5940 /* ViewController.swift in Sources */,
				8CB952292A17A69000DF5940 /* AppDelegate.swift in Sources */,
				8CB9522B2A17A69000DF5940 /* SceneDelegate.swift in Sources */,
			);
			runOnlyForDeploymentPostprocessing = 0;
		};
		8CB952372A17A69200DF5940 /* Sources */ = {
			isa = PBXSourcesBuildPhase;
			buildActionMask = 2147483647;
			files = (
				8CB952402A17A69200DF5940 /* GithubUsersTests.swift in Sources */,
			);
			runOnlyForDeploymentPostprocessing = 0;
		};
		8CB952412A17A69200DF5940 /* Sources */ = {
			isa = PBXSourcesBuildPhase;
			buildActionMask = 2147483647;
			files = (
				8CB9524C2A17A69200DF5940 /* GithubUsersUITestsLaunchTests.swift in Sources */,
				8CB9524A2A17A69200DF5940 /* GithubUsersUITests.swift in Sources */,
			);
			runOnlyForDeploymentPostprocessing = 0;
		};
/* End PBXSourcesBuildPhase section */

/* Begin PBXTargetDependency section */
		8CB9523D2A17A69200DF5940 /* PBXTargetDependency */ = {
			isa = PBXTargetDependency;
			target = 8CB952242A17A69000DF5940 /* GithubUsers */;
			targetProxy = 8CB9523C2A17A69200DF5940 /* PBXContainerItemProxy */;
		};
		8CB952472A17A69200DF5940 /* PBXTargetDependency */ = {
			isa = PBXTargetDependency;
			target = 8CB952242A17A69000DF5940 /* GithubUsers */;
			targetProxy = 8CB952462A17A69200DF5940 /* PBXContainerItemProxy */;
		};
/* End PBXTargetDependency section */

/* Begin PBXVariantGroup section */
		8CB9522E2A17A69000DF5940 /* Main.storyboard */ = {
			isa = PBXVariantGroup;
			children = (
				8CB9522F2A17A69000DF5940 /* Base */,
			);
			name = Main.storyboard;
			sourceTree = "<group>";
		};
		8CB952332A17A69100DF5940 /* LaunchScreen.storyboard */ = {
			isa = PBXVariantGroup;
			children = (
				8CB952342A17A69100DF5940 /* Base */,
			);
			name = LaunchScreen.storyboard;
			sourceTree = "<group>";
		};
/* End PBXVariantGroup section */

/* Begin XCBuildConfiguration section */
		8CB9524D2A17A69200DF5940 /* Debug */ = {
			isa = XCBuildConfiguration;
			buildSettings = {
				ALWAYS_SEARCH_USER_PATHS = NO;
				CLANG_ANALYZER_NONNULL = YES;
				CLANG_ANALYZER_NUMBER_OBJECT_CONVERSION = YES_AGGRESSIVE;
				CLANG_CXX_LANGUAGE_STANDARD = "gnu++20";
				CLANG_ENABLE_MODULES = YES;
				CLANG_ENABLE_OBJC_ARC = YES;
				CLANG_ENABLE_OBJC_WEAK = YES;
				CLANG_WARN_BLOCK_CAPTURE_AUTORELEASING = YES;
				CLANG_WARN_BOOL_CONVERSION = YES;
				CLANG_WARN_COMMA = YES;
				CLANG_WARN_CONSTANT_CONVERSION = YES;
				CLANG_WARN_DEPRECATED_OBJC_IMPLEMENTATIONS = YES;
				CLANG_WARN_DIRECT_OBJC_ISA_USAGE = YES_ERROR;
				CLANG_WARN_DOCUMENTATION_COMMENTS = YES;
				CLANG_WARN_EMPTY_BODY = YES;
				CLANG_WARN_ENUM_CONVERSION = YES;
				CLANG_WARN_INFINITE_RECURSION = YES;
				CLANG_WARN_INT_CONVERSION = YES;
				CLANG_WARN_NON_LITERAL_NULL_CONVERSION = YES;
				CLANG_WARN_OBJC_IMPLICIT_RETAIN_SELF = YES;
				CLANG_WARN_OBJC_LITERAL_CONVERSION = YES;
				CLANG_WARN_OBJC_ROOT_CLASS = YES_ERROR;
				CLANG_WARN_QUOTED_INCLUDE_IN_FRAMEWORK_HEADER = YES;
				CLANG_WARN_RANGE_LOOP_ANALYSIS = YES;
				CLANG_WARN_STRICT_PROTOTYPES = YES;
				CLANG_WARN_SUSPICIOUS_MOVE = YES;
				CLANG_WARN_UNGUARDED_AVAILABILITY = YES_AGGRESSIVE;
				CLANG_WARN_UNREACHABLE_CODE = YES;
				CLANG_WARN__DUPLICATE_METHOD_MATCH = YES;
				COPY_PHASE_STRIP = NO;
				DEBUG_INFORMATION_FORMAT = dwarf;
				ENABLE_STRICT_OBJC_MSGSEND = YES;
				ENABLE_TESTABILITY = YES;
				GCC_C_LANGUAGE_STANDARD = gnu11;
				GCC_DYNAMIC_NO_PIC = NO;
				GCC_NO_COMMON_BLOCKS = YES;
				GCC_OPTIMIZATION_LEVEL = 0;
				GCC_PREPROCESSOR_DEFINITIONS = (
					"DEBUG=1",
					"$(inherited)",
				);
				GCC_WARN_64_TO_32_BIT_CONVERSION = YES;
				GCC_WARN_ABOUT_RETURN_TYPE = YES_ERROR;
				GCC_WARN_UNDECLARED_SELECTOR = YES;
				GCC_WARN_UNINITIALIZED_AUTOS = YES_AGGRESSIVE;
				GCC_WARN_UNUSED_FUNCTION = YES;
				GCC_WARN_UNUSED_VARIABLE = YES;
				IPHONEOS_DEPLOYMENT_TARGET = 16.4;
				MTL_ENABLE_DEBUG_INFO = INCLUDE_SOURCE;
				MTL_FAST_MATH = YES;
				ONLY_ACTIVE_ARCH = YES;
				SDKROOT = iphoneos;
				SWIFT_ACTIVE_COMPILATION_CONDITIONS = DEBUG;
				SWIFT_OPTIMIZATION_LEVEL = "-Onone";
			};
			name = Debug;
		};
		8CB9524E2A17A69200DF5940 /* Release */ = {
			isa = XCBuildConfiguration;
			buildSettings = {
				ALWAYS_SEARCH_USER_PATHS = NO;
				CLANG_ANALYZER_NONNULL = YES;
				CLANG_ANALYZER_NUMBER_OBJECT_CONVERSION = YES_AGGRESSIVE;
				CLANG_CXX_LANGUAGE_STANDARD = "gnu++20";
				CLANG_ENABLE_MODULES = YES;
				CLANG_ENABLE_OBJC_ARC = YES;
				CLANG_ENABLE_OBJC_WEAK = YES;
				CLANG_WARN_BLOCK_CAPTURE_AUTORELEASING = YES;
				CLANG_WARN_BOOL_CONVERSION = YES;
				CLANG_WARN_COMMA = YES;
				CLANG_WARN_CONSTANT_CONVERSION = YES;
				CLANG_WARN_DEPRECATED_OBJC_IMPLEMENTATIONS = YES;
				CLANG_WARN_DIRECT_OBJC_ISA_USAGE = YES_ERROR;
				CLANG_WARN_DOCUMENTATION_COMMENTS = YES;
				CLANG_WARN_EMPTY_BODY = YES;
				CLANG_WARN_ENUM_CONVERSION = YES;
				CLANG_WARN_INFINITE_RECURSION = YES;
				CLANG_WARN_INT_CONVERSION = YES;
				CLANG_WARN_NON_LITERAL_NULL_CONVERSION = YES;
				CLANG_WARN_OBJC_IMPLICIT_RETAIN_SELF = YES;
				CLANG_WARN_OBJC_LITERAL_CONVERSION = YES;
				CLANG_WARN_OBJC_ROOT_CLASS = YES_ERROR;
				CLANG_WARN_QUOTED_INCLUDE_IN_FRAMEWORK_HEADER = YES;
				CLANG_WARN_RANGE_LOOP_ANALYSIS = YES;
				CLANG_WARN_STRICT_PROTOTYPES = YES;
				CLANG_WARN_SUSPICIOUS_MOVE = YES;
				CLANG_WARN_UNGUARDED_AVAILABILITY = YES_AGGRESSIVE;
				CLANG_WARN_UNREACHABLE_CODE = YES;
				CLANG_WARN__DUPLICATE_METHOD_MATCH = YES;
				COPY_PHASE_STRIP = NO;
				DEBUG_INFORMATION_FORMAT = "dwarf-with-dsym";
				ENABLE_NS_ASSERTIONS = NO;
				ENABLE_STRICT_OBJC_MSGSEND = YES;
				GCC_C_LANGUAGE_STANDARD = gnu11;
				GCC_NO_COMMON_BLOCKS = YES;
				GCC_WARN_64_TO_32_BIT_CONVERSION = YES;
				GCC_WARN_ABOUT_RETURN_TYPE = YES_ERROR;
				GCC_WARN_UNDECLARED_SELECTOR = YES;
				GCC_WARN_UNINITIALIZED_AUTOS = YES_AGGRESSIVE;
				GCC_WARN_UNUSED_FUNCTION = YES;
				GCC_WARN_UNUSED_VARIABLE = YES;
				IPHONEOS_DEPLOYMENT_TARGET = 16.4;
				MTL_ENABLE_DEBUG_INFO = NO;
				MTL_FAST_MATH = YES;
				SDKROOT = iphoneos;
				SWIFT_COMPILATION_MODE = wholemodule;
				SWIFT_OPTIMIZATION_LEVEL = "-O";
				VALIDATE_PRODUCT = YES;
			};
			name = Release;
		};
		8CB952502A17A69200DF5940 /* Debug */ = {
			isa = XCBuildConfiguration;
			buildSettings = {
				ASSETCATALOG_COMPILER_APPICON_NAME = AppIcon;
				ASSETCATALOG_COMPILER_GLOBAL_ACCENT_COLOR_NAME = AccentColor;
				CODE_SIGN_STYLE = Automatic;
				CURRENT_PROJECT_VERSION = 1;
				GENERATE_INFOPLIST_FILE = YES;
				INFOPLIST_FILE = GithubUsers/Info.plist;
				INFOPLIST_KEY_UIApplicationSupportsIndirectInputEvents = YES;
				INFOPLIST_KEY_UILaunchStoryboardName = LaunchScreen;
				INFOPLIST_KEY_UIMainStoryboardFile = Main;
				INFOPLIST_KEY_UISupportedInterfaceOrientations_iPad = "UIInterfaceOrientationPortrait UIInterfaceOrientationPortraitUpsideDown UIInterfaceOrientationLandscapeLeft UIInterfaceOrientationLandscapeRight";
				INFOPLIST_KEY_UISupportedInterfaceOrientations_iPhone = "UIInterfaceOrientationPortrait UIInterfaceOrientationLandscapeLeft UIInterfaceOrientationLandscapeRight";
				LD_RUNPATH_SEARCH_PATHS = (
					"$(inherited)",
					"@executable_path/Frameworks",
				);
				MARKETING_VERSION = 1.0;
				PRODUCT_BUNDLE_IDENTIFIER = com.devstart.GithubUsers;
				PRODUCT_NAME = "$(TARGET_NAME)";
				SWIFT_EMIT_LOC_STRINGS = YES;
				SWIFT_VERSION = 5.0;
				TARGETED_DEVICE_FAMILY = "1,2";
			};
			name = Debug;
		};
		8CB952512A17A69200DF5940 /* Release */ = {
			isa = XCBuildConfiguration;
			buildSettings = {
				ASSETCATALOG_COMPILER_APPICON_NAME = AppIcon;
				ASSETCATALOG_COMPILER_GLOBAL_ACCENT_COLOR_NAME = AccentColor;
				CODE_SIGN_STYLE = Automatic;
				CURRENT_PROJECT_VERSION = 1;
				GENERATE_INFOPLIST_FILE = YES;
				INFOPLIST_FILE = GithubUsers/Info.plist;
				INFOPLIST_KEY_UIApplicationSupportsIndirectInputEvents = YES;
				INFOPLIST_KEY_UILaunchStoryboardName = LaunchScreen;
				INFOPLIST_KEY_UIMainStoryboardFile = Main;
				INFOPLIST_KEY_UISupportedInterfaceOrientations_iPad = "UIInterfaceOrientationPortrait UIInterfaceOrientationPortraitUpsideDown UIInterfaceOrientationLandscapeLeft UIInterfaceOrientationLandscapeRight";
				INFOPLIST_KEY_UISupportedInterfaceOrientations_iPhone = "UIInterfaceOrientationPortrait UIInterfaceOrientationLandscapeLeft UIInterfaceOrientationLandscapeRight";
				LD_RUNPATH_SEARCH_PATHS = (
					"$(inherited)",
					"@executable_path/Frameworks",
				);
				MARKETING_VERSION = 1.0;
				PRODUCT_BUNDLE_IDENTIFIER = com.devstart.GithubUsers;
				PRODUCT_NAME = "$(TARGET_NAME)";
				SWIFT_EMIT_LOC_STRINGS = YES;
				SWIFT_VERSION = 5.0;
				TARGETED_DEVICE_FAMILY = "1,2";
			};
			name = Release;
		};
		8CB952532A17A69200DF5940 /* Debug */ = {
			isa = XCBuildConfiguration;
			buildSettings = {
				ALWAYS_EMBED_SWIFT_STANDARD_LIBRARIES = YES;
				BUNDLE_LOADER = "$(TEST_HOST)";
				CODE_SIGN_STYLE = Automatic;
				CURRENT_PROJECT_VERSION = 1;
				GENERATE_INFOPLIST_FILE = YES;
				IPHONEOS_DEPLOYMENT_TARGET = 16.4;
				MARKETING_VERSION = 1.0;
				PRODUCT_BUNDLE_IDENTIFIER = com.devstart.GithubUsersTests;
				PRODUCT_NAME = "$(TARGET_NAME)";
				SWIFT_EMIT_LOC_STRINGS = NO;
				SWIFT_VERSION = 5.0;
				TARGETED_DEVICE_FAMILY = "1,2";
				TEST_HOST = "$(BUILT_PRODUCTS_DIR)/GithubUsers.app/$(BUNDLE_EXECUTABLE_FOLDER_PATH)/GithubUsers";
			};
			name = Debug;
		};
		8CB952542A17A69200DF5940 /* Release */ = {
			isa = XCBuildConfiguration;
			buildSettings = {
				ALWAYS_EMBED_SWIFT_STANDARD_LIBRARIES = YES;
				BUNDLE_LOADER = "$(TEST_HOST)";
				CODE_SIGN_STYLE = Automatic;
				CURRENT_PROJECT_VERSION = 1;
				GENERATE_INFOPLIST_FILE = YES;
				IPHONEOS_DEPLOYMENT_TARGET = 16.4;
				MARKETING_VERSION = 1.0;
				PRODUCT_BUNDLE_IDENTIFIER = com.devstart.GithubUsersTests;
				PRODUCT_NAME = "$(TARGET_NAME)";
				SWIFT_EMIT_LOC_STRINGS = NO;
				SWIFT_VERSION = 5.0;
				TARGETED_DEVICE_FAMILY = "1,2";
				TEST_HOST = "$(BUILT_PRODUCTS_DIR)/GithubUsers.app/$(BUNDLE_EXECUTABLE_FOLDER_PATH)/GithubUsers";
			};
			name = Release;
		};
		8CB952562A17A69200DF5940 /* Debug */ = {
			isa = XCBuildConfiguration;
			buildSettings = {
				ALWAYS_EMBED_SWIFT_STANDARD_LIBRARIES = YES;
				CODE_SIGN_STYLE = Automatic;
				CURRENT_PROJECT_VERSION = 1;
				GENERATE_INFOPLIST_FILE = YES;
				MARKETING_VERSION = 1.0;
				PRODUCT_BUNDLE_IDENTIFIER = com.devstart.GithubUsersUITests;
				PRODUCT_NAME = "$(TARGET_NAME)";
				SWIFT_EMIT_LOC_STRINGS = NO;
				SWIFT_VERSION = 5.0;
				TARGETED_DEVICE_FAMILY = "1,2";
				TEST_TARGET_NAME = GithubUsers;
			};
			name = Debug;
		};
		8CB952572A17A69200DF5940 /* Release */ = {
			isa = XCBuildConfiguration;
			buildSettings = {
				ALWAYS_EMBED_SWIFT_STANDARD_LIBRARIES = YES;
				CODE_SIGN_STYLE = Automatic;
				CURRENT_PROJECT_VERSION = 1;
				GENERATE_INFOPLIST_FILE = YES;
				MARKETING_VERSION = 1.0;
				PRODUCT_BUNDLE_IDENTIFIER = com.devstart.GithubUsersUITests;
				PRODUCT_NAME = "$(TARGET_NAME)";
				SWIFT_EMIT_LOC_STRINGS = NO;
				SWIFT_VERSION = 5.0;
				TARGETED_DEVICE_FAMILY = "1,2";
				TEST_TARGET_NAME = GithubUsers;
			};
			name = Release;
		};
/* End XCBuildConfiguration section */

/* Begin XCConfigurationList section */
		8CB952202A17A69000DF5940 /* Build configuration list for PBXProject "GithubUsers" */ = {
			isa = XCConfigurationList;
			buildConfigurations = (
				8CB9524D2A17A69200DF5940 /* Debug */,
				8CB9524E2A17A69200DF5940 /* Release */,
			);
			defaultConfigurationIsVisible = 0;
			defaultConfigurationName = Release;
		};
		8CB9524F2A17A69200DF5940 /* Build configuration list for PBXNativeTarget "GithubUsers" */ = {
			isa = XCConfigurationList;
			buildConfigurations = (
				8CB952502A17A69200DF5940 /* Debug */,
				8CB952512A17A69200DF5940 /* Release */,
			);
			defaultConfigurationIsVisible = 0;
			defaultConfigurationName = Release;
		};
		8CB952522A17A69200DF5940 /* Build configuration list for PBXNativeTarget "GithubUsersTests" */ = {
			isa = XCConfigurationList;
			buildConfigurations = (
				8CB952532A17A69200DF5940 /* Debug */,
				8CB952542A17A69200DF5940 /* Release */,
			);
			defaultConfigurationIsVisible = 0;
			defaultConfigurationName = Release;
		};
		8CB952552A17A69200DF5940 /* Build configuration list for PBXNativeTarget "GithubUsersUITests" */ = {
			isa = XCConfigurationList;
			buildConfigurations = (
				8CB952562A17A69200DF5940 /* Debug */,
				8CB952572A17A69200DF5940 /* Release */,
			);
			defaultConfigurationIsVisible = 0;
			defaultConfigurationName = Release;
		};
/* End XCConfigurationList section */
	};
	rootObject = 8CB9521D2A17A69000DF5940 /* Project object */;
}
