// !$*UTF8*$!
{
	archiveVersion = 1;
	classes = {
	};
	objectVersion = 55;
	objects = {

/* Begin PBXBuildFile section */
		8C5AD9652A1B9D7F00CF79A7 /* Kingfisher in Frameworks */ = {isa = PBXBuildFile; productRef = 8C5AD9642A1B9D7F00CF79A7 /* Kingfisher */; };
		8C5AD9672A1B9DE600CF79A7 /* Extensions.swift in Sources */ = {isa = PBXBuildFile; fileRef = 8C5AD9662A1B9DE600CF79A7 /* Extensions.swift */; };
		8C5AD9692A1BA98D00CF79A7 /* FollowerRepository.swift in Sources */ = {isa = PBXBuildFile; fileRef = 8C5AD9682A1BA98D00CF79A7 /* FollowerRepository.swift */; };
		8C5AD96B2A1BAD8500CF79A7 /* FollowModel.swift in Sources */ = {isa = PBXBuildFile; fileRef = 8C5AD96A2A1BAD8500CF79A7 /* FollowModel.swift */; };
		8C5AD96E2A1BAEFF00CF79A7 /* FollowingCell.swift in Sources */ = {isa = PBXBuildFile; fileRef = 8C5AD96D2A1BAEFF00CF79A7 /* FollowingCell.swift */; };
		8C5AD97C2A1C5B0500CF79A7 /* UIView-Shimmer in Frameworks */ = {isa = PBXBuildFile; productRef = 8C5AD97B2A1C5B0500CF79A7 /* UIView-Shimmer */; };
		8C5AD97E2A1CB87F00CF79A7 /* MessageView.swift in Sources */ = {isa = PBXBuildFile; fileRef = 8C5AD97D2A1CB87F00CF79A7 /* MessageView.swift */; };
		8C5AD9802A1CDDEB00CF79A7 /* FollowersEntity.swift in Sources */ = {isa = PBXBuildFile; fileRef = 8C5AD97F2A1CDDEB00CF79A7 /* FollowersEntity.swift */; };
		8C5AD9822A1DDDEE00CF79A7 /* APIMockingTests.swift in Sources */ = {isa = PBXBuildFile; fileRef = 8C5AD9812A1DDDEE00CF79A7 /* APIMockingTests.swift */; };
		8C5AD9852A1DDEB400CF79A7 /* MockURLProtocol.swift in Sources */ = {isa = PBXBuildFile; fileRef = 8C5AD9842A1DDEB400CF79A7 /* MockURLProtocol.swift */; };
		8C5AD9872A1DDED000CF79A7 /* MockService.swift in Sources */ = {isa = PBXBuildFile; fileRef = 8C5AD9862A1DDED000CF79A7 /* MockService.swift */; };
		8C5AD9892A1DDFAD00CF79A7 /* UserServiceTests.swift in Sources */ = {isa = PBXBuildFile; fileRef = 8C5AD9882A1DDFAD00CF79A7 /* UserServiceTests.swift */; };
		8C5AD98B2A1DE11E00CF79A7 /* FollowersServiceTests.swift in Sources */ = {isa = PBXBuildFile; fileRef = 8C5AD98A2A1DE11E00CF79A7 /* FollowersServiceTests.swift */; };
		8C5AD9922A1DE56F00CF79A7 /* ServiceError.swift in Sources */ = {isa = PBXBuildFile; fileRef = 8C5AD9912A1DE56F00CF79A7 /* ServiceError.swift */; };
		8CB952292A17A69000DF5940 /* AppDelegate.swift in Sources */ = {isa = PBXBuildFile; fileRef = 8CB952282A17A69000DF5940 /* AppDelegate.swift */; };
		8CB9522B2A17A69000DF5940 /* SceneDelegate.swift in Sources */ = {isa = PBXBuildFile; fileRef = 8CB9522A2A17A69000DF5940 /* SceneDelegate.swift */; };
		8CB9522D2A17A69000DF5940 /* ViewController.swift in Sources */ = {isa = PBXBuildFile; fileRef = 8CB9522C2A17A69000DF5940 /* ViewController.swift */; };
		8CB952302A17A69000DF5940 /* Main.storyboard in Resources */ = {isa = PBXBuildFile; fileRef = 8CB9522E2A17A69000DF5940 /* Main.storyboard */; };
		8CB952322A17A69100DF5940 /* Assets.xcassets in Resources */ = {isa = PBXBuildFile; fileRef = 8CB952312A17A69100DF5940 /* Assets.xcassets */; };
		8CB952352A17A69100DF5940 /* LaunchScreen.storyboard in Resources */ = {isa = PBXBuildFile; fileRef = 8CB952332A17A69100DF5940 /* LaunchScreen.storyboard */; };
		8CB952402A17A69200DF5940 /* GithubUsersTests.swift in Sources */ = {isa = PBXBuildFile; fileRef = 8CB9523F2A17A69200DF5940 /* GithubUsersTests.swift */; };
		8CB9524A2A17A69200DF5940 /* GithubUsersUITests.swift in Sources */ = {isa = PBXBuildFile; fileRef = 8CB952492A17A69200DF5940 /* GithubUsersUITests.swift */; };
		8CB9524C2A17A69200DF5940 /* GithubUsersUITestsLaunchTests.swift in Sources */ = {isa = PBXBuildFile; fileRef = 8CB9524B2A17A69200DF5940 /* GithubUsersUITestsLaunchTests.swift */; };
		8CB9525F2A17A73100DF5940 /* ApiService.swift in Sources */ = {isa = PBXBuildFile; fileRef = 8CB9525E2A17A73100DF5940 /* ApiService.swift */; };
		8CB952612A17A74C00DF5940 /* Reachability.swift in Sources */ = {isa = PBXBuildFile; fileRef = 8CB952602A17A74C00DF5940 /* Reachability.swift */; };
		8CB9526B2A17A8D400DF5940 /* RxRelay in Frameworks */ = {isa = PBXBuildFile; productRef = 8CB9526A2A17A8D400DF5940 /* RxRelay */; };
		8CB9526D2A17A8D400DF5940 /* RxSwift in Frameworks */ = {isa = PBXBuildFile; productRef = 8CB9526C2A17A8D400DF5940 /* RxSwift */; };
		8CB952702A17BDAA00DF5940 /* Realm in Frameworks */ = {isa = PBXBuildFile; productRef = 8CB9526F2A17BDAA00DF5940 /* Realm */; };
		8CB952722A17BDAA00DF5940 /* RealmSwift in Frameworks */ = {isa = PBXBuildFile; productRef = 8CB952712A17BDAA00DF5940 /* RealmSwift */; };
		8CB952762A17C3E000DF5940 /* DbManager.swift in Sources */ = {isa = PBXBuildFile; fileRef = 8CB952752A17C3E000DF5940 /* DbManager.swift */; };
		8CB952792A18AD8000DF5940 /* UserEntity.swift in Sources */ = {isa = PBXBuildFile; fileRef = 8CB952782A18AD8000DF5940 /* UserEntity.swift */; };
		8CB9527C2A18B60E00DF5940 /* UserRepository.swift in Sources */ = {isa = PBXBuildFile; fileRef = 8CB9527B2A18B60E00DF5940 /* UserRepository.swift */; };
		8CB9527F2A18B67900DF5940 /* Constants.swift in Sources */ = {isa = PBXBuildFile; fileRef = 8CB9527E2A18B67900DF5940 /* Constants.swift */; };
		8CB952822A18B7BF00DF5940 /* UserModel.swift in Sources */ = {isa = PBXBuildFile; fileRef = 8CB952812A18B7BF00DF5940 /* UserModel.swift */; };
		8CB952852A18B86100DF5940 /* UserViewModel.swift in Sources */ = {isa = PBXBuildFile; fileRef = 8CB952842A18B86100DF5940 /* UserViewModel.swift */; };
		8CE63AE02A1DF38E00769C3D /* Realm in Frameworks */ = {isa = PBXBuildFile; productRef = 8CE63ADF2A1DF38E00769C3D /* Realm */; };
		8CE63AE22A1DF39400769C3D /* RealmSwift in Frameworks */ = {isa = PBXBuildFile; productRef = 8CE63AE12A1DF39400769C3D /* RealmSwift */; };
		8CE63AFA2A1E03AD00769C3D /* profile.png in Resources */ = {isa = PBXBuildFile; fileRef = 8CE63AF62A1E03AC00769C3D /* profile.png */; };
		8CE63AFB2A1E03AD00769C3D /* splash.png in Resources */ = {isa = PBXBuildFile; fileRef = 8CE63AF72A1E03AC00769C3D /* splash.png */; };
		8CE63AFC2A1E03AD00769C3D /* tests.png in Resources */ = {isa = PBXBuildFile; fileRef = 8CE63AF82A1E03AC00769C3D /* tests.png */; };
		8CE63AFD2A1E03AD00769C3D /* search.png in Resources */ = {isa = PBXBuildFile; fileRef = 8CE63AF92A1E03AC00769C3D /* search.png */; };
/* End PBXBuildFile section */

/* Begin PBXContainerItemProxy section */
		8CB9523C2A17A69200DF5940 /* PBXContainerItemProxy */ = {
			isa = PBXContainerItemProxy;
			containerPortal = 8CB9521D2A17A69000DF5940 /* Project object */;
			proxyType = 1;
			remoteGlobalIDString = 8CB952242A17A69000DF5940;
			remoteInfo = GithubUsers;
		};
		8CB952462A17A69200DF5940 /* PBXContainerItemProxy */ = {
			isa = PBXContainerItemProxy;
			containerPortal = 8CB9521D2A17A69000DF5940 /* Project object */;
			proxyType = 1;
			remoteGlobalIDString = 8CB952242A17A69000DF5940;
			remoteInfo = GithubUsers;
		};
/* End PBXContainerItemProxy section */

/* Begin PBXFileReference section */
		8C5AD9662A1B9DE600CF79A7 /* Extensions.swift */ = {isa = PBXFileReference; lastKnownFileType = sourcecode.swift; path = Extensions.swift; sourceTree = "<group>"; };
		8C5AD9682A1BA98D00CF79A7 /* FollowerRepository.swift */ = {isa = PBXFileReference; lastKnownFileType = sourcecode.swift; path = FollowerRepository.swift; sourceTree = "<group>"; };
		8C5AD96A2A1BAD8500CF79A7 /* FollowModel.swift */ = {isa = PBXFileReference; lastKnownFileType = sourcecode.swift; path = FollowModel.swift; sourceTree = "<group>"; };
		8C5AD96D2A1BAEFF00CF79A7 /* FollowingCell.swift */ = {isa = PBXFileReference; lastKnownFileType = sourcecode.swift; path = FollowingCell.swift; sourceTree = "<group>"; };
		8C5AD97D2A1CB87F00CF79A7 /* MessageView.swift */ = {isa = PBXFileReference; lastKnownFileType = sourcecode.swift; path = MessageView.swift; sourceTree = "<group>"; };
		8C5AD97F2A1CDDEB00CF79A7 /* FollowersEntity.swift */ = {isa = PBXFileReference; lastKnownFileType = sourcecode.swift; path = FollowersEntity.swift; sourceTree = "<group>"; };
		8C5AD9812A1DDDEE00CF79A7 /* APIMockingTests.swift */ = {isa = PBXFileReference; lastKnownFileType = sourcecode.swift; path = APIMockingTests.swift; sourceTree = "<group>"; };
		8C5AD9842A1DDEB400CF79A7 /* MockURLProtocol.swift */ = {isa = PBXFileReference; lastKnownFileType = sourcecode.swift; path = MockURLProtocol.swift; sourceTree = "<group>"; };
		8C5AD9862A1DDED000CF79A7 /* MockService.swift */ = {isa = PBXFileReference; lastKnownFileType = sourcecode.swift; path = MockService.swift; sourceTree = "<group>"; };
		8C5AD9882A1DDFAD00CF79A7 /* UserServiceTests.swift */ = {isa = PBXFileReference; lastKnownFileType = sourcecode.swift; path = UserServiceTests.swift; sourceTree = "<group>"; };
		8C5AD98A2A1DE11E00CF79A7 /* FollowersServiceTests.swift */ = {isa = PBXFileReference; lastKnownFileType = sourcecode.swift; path = FollowersServiceTests.swift; sourceTree = "<group>"; };
		8C5AD9912A1DE56F00CF79A7 /* ServiceError.swift */ = {isa = PBXFileReference; lastKnownFileType = sourcecode.swift; path = ServiceError.swift; sourceTree = "<group>"; };
		8CB952252A17A69000DF5940 /* GithubUsers.app */ = {isa = PBXFileReference; explicitFileType = wrapper.application; includeInIndex = 0; path = GithubUsers.app; sourceTree = BUILT_PRODUCTS_DIR; };
		8CB952282A17A69000DF5940 /* AppDelegate.swift */ = {isa = PBXFileReference; lastKnownFileType = sourcecode.swift; path = AppDelegate.swift; sourceTree = "<group>"; };
		8CB9522A2A17A69000DF5940 /* SceneDelegate.swift */ = {isa = PBXFileReference; lastKnownFileType = sourcecode.swift; path = SceneDelegate.swift; sourceTree = "<group>"; };
		8CB9522C2A17A69000DF5940 /* ViewController.swift */ = {isa = PBXFileReference; lastKnownFileType = sourcecode.swift; path = ViewController.swift; sourceTree = "<group>"; };
		8CB9522F2A17A69000DF5940 /* Base */ = {isa = PBXFileReference; lastKnownFileType = file.storyboard; name = Base; path = Base.lproj/Main.storyboard; sourceTree = "<group>"; };
		8CB952312A17A69100DF5940 /* Assets.xcassets */ = {isa = PBXFileReference; lastKnownFileType = folder.assetcatalog; path = Assets.xcassets; sourceTree = "<group>"; };
		8CB952342A17A69100DF5940 /* Base */ = {isa = PBXFileReference; lastKnownFileType = file.storyboard; name = Base; path = Base.lproj/LaunchScreen.storyboard; sourceTree = "<group>"; };
		8CB952362A17A69100DF5940 /* Info.plist */ = {isa = PBXFileReference; lastKnownFileType = text.plist.xml; path = Info.plist; sourceTree = "<group>"; };
		8CB9523B2A17A69200DF5940 /* GithubUsersTests.xctest */ = {isa = PBXFileReference; explicitFileType = wrapper.cfbundle; includeInIndex = 0; path = GithubUsersTests.xctest; sourceTree = BUILT_PRODUCTS_DIR; };
		8CB9523F2A17A69200DF5940 /* GithubUsersTests.swift */ = {isa = PBXFileReference; lastKnownFileType = sourcecode.swift; path = GithubUsersTests.swift; sourceTree = "<group>"; };
		8CB952452A17A69200DF5940 /* GithubUsersUITests.xctest */ = {isa = PBXFileReference; explicitFileType = wrapper.cfbundle; includeInIndex = 0; path = GithubUsersUITests.xctest; sourceTree = BUILT_PRODUCTS_DIR; };
		8CB952492A17A69200DF5940 /* GithubUsersUITests.swift */ = {isa = PBXFileReference; lastKnownFileType = sourcecode.swift; path = GithubUsersUITests.swift; sourceTree = "<group>"; };
		8CB9524B2A17A69200DF5940 /* GithubUsersUITestsLaunchTests.swift */ = {isa = PBXFileReference; lastKnownFileType = sourcecode.swift; path = GithubUsersUITestsLaunchTests.swift; sourceTree = "<group>"; };
		8CB9525E2A17A73100DF5940 /* ApiService.swift */ = {isa = PBXFileReference; lastKnownFileType = sourcecode.swift; path = ApiService.swift; sourceTree = "<group>"; };
		8CB952602A17A74C00DF5940 /* Reachability.swift */ = {isa = PBXFileReference; lastKnownFileType = sourcecode.swift; path = Reachability.swift; sourceTree = "<group>"; };
		8CB952752A17C3E000DF5940 /* DbManager.swift */ = {isa = PBXFileReference; lastKnownFileType = sourcecode.swift; path = DbManager.swift; sourceTree = "<group>"; };
		8CB952782A18AD8000DF5940 /* UserEntity.swift */ = {isa = PBXFileReference; lastKnownFileType = sourcecode.swift; path = UserEntity.swift; sourceTree = "<group>"; };
		8CB9527B2A18B60E00DF5940 /* UserRepository.swift */ = {isa = PBXFileReference; lastKnownFileType = sourcecode.swift; path = UserRepository.swift; sourceTree = "<group>"; };
		8CB9527E2A18B67900DF5940 /* Constants.swift */ = {isa = PBXFileReference; lastKnownFileType = sourcecode.swift; path = Constants.swift; sourceTree = "<group>"; };
		8CB952812A18B7BF00DF5940 /* UserModel.swift */ = {isa = PBXFileReference; lastKnownFileType = sourcecode.swift; path = UserModel.swift; sourceTree = "<group>"; };
		8CB952842A18B86100DF5940 /* UserViewModel.swift */ = {isa = PBXFileReference; lastKnownFileType = sourcecode.swift; path = UserViewModel.swift; sourceTree = "<group>"; };
		8CE63AF62A1E03AC00769C3D /* profile.png */ = {isa = PBXFileReference; lastKnownFileType = image.png; path = profile.png; sourceTree = "<group>"; };
		8CE63AF72A1E03AC00769C3D /* splash.png */ = {isa = PBXFileReference; lastKnownFileType = image.png; path = splash.png; sourceTree = "<group>"; };
		8CE63AF82A1E03AC00769C3D /* tests.png */ = {isa = PBXFileReference; lastKnownFileType = image.png; path = tests.png; sourceTree = "<group>"; };
		8CE63AF92A1E03AC00769C3D /* search.png */ = {isa = PBXFileReference; lastKnownFileType = image.png; path = search.png; sourceTree = "<group>"; };
/* End PBXFileReference section */

/* Begin PBXFrameworksBuildPhase section */
		8CB952222A17A69000DF5940 /* Frameworks */ = {
			isa = PBXFrameworksBuildPhase;
			buildActionMask = 2147483647;
			files = (
				8CB952722A17BDAA00DF5940 /* RealmSwift in Frameworks */,
				8C5AD97C2A1C5B0500CF79A7 /* UIView-Shimmer in Frameworks */,
				8CB952702A17BDAA00DF5940 /* Realm in Frameworks */,
				8CB9526D2A17A8D400DF5940 /* RxSwift in Frameworks */,
				8CB9526B2A17A8D400DF5940 /* RxRelay in Frameworks */,
				8C5AD9652A1B9D7F00CF79A7 /* Kingfisher in Frameworks */,
			);
			runOnlyForDeploymentPostprocessing = 0;
		};
		8CB952382A17A69200DF5940 /* Frameworks */ = {
			isa = PBXFrameworksBuildPhase;
			buildActionMask = 2147483647;
			files = (
				8CE63AE22A1DF39400769C3D /* RealmSwift in Frameworks */,
				8CE63AE02A1DF38E00769C3D /* Realm in Frameworks */,
			);
			runOnlyForDeploymentPostprocessing = 0;
		};
		8CB952422A17A69200DF5940 /* Frameworks */ = {
			isa = PBXFrameworksBuildPhase;
			buildActionMask = 2147483647;
			files = (
			);
			runOnlyForDeploymentPostprocessing = 0;
		};
/* End PBXFrameworksBuildPhase section */

/* Begin PBXGroup section */
		8C5AD96C2A1BAEB800CF79A7 /* Views */ = {
			isa = PBXGroup;
			children = (
				8C5AD96D2A1BAEFF00CF79A7 /* FollowingCell.swift */,
			);
			path = Views;
			sourceTree = "<group>";
		};
		8C5AD9832A1DDE9F00CF79A7 /* Mock */ = {
			isa = PBXGroup;
			children = (
				8C5AD9842A1DDEB400CF79A7 /* MockURLProtocol.swift */,
				8C5AD9862A1DDED000CF79A7 /* MockService.swift */,
			);
			path = Mock;
			sourceTree = "<group>";
		};
		8C5AD98C2A1DE48D00CF79A7 /* Frameworks */ = {
			isa = PBXGroup;
			children = (
			);
			name = Frameworks;
			sourceTree = "<group>";
		};
		8CB9521C2A17A69000DF5940 = {
			isa = PBXGroup;
			children = (
				8CB952272A17A69000DF5940 /* GithubUsers */,
				8CB9523E2A17A69200DF5940 /* GithubUsersTests */,
				8CB952482A17A69200DF5940 /* GithubUsersUITests */,
				8CB952262A17A69000DF5940 /* Products */,
				8C5AD98C2A1DE48D00CF79A7 /* Frameworks */,
			);
			sourceTree = "<group>";
		};
		8CB952262A17A69000DF5940 /* Products */ = {
			isa = PBXGroup;
			children = (
				8CB952252A17A69000DF5940 /* GithubUsers.app */,
				8CB9523B2A17A69200DF5940 /* GithubUsersTests.xctest */,
				8CB952452A17A69200DF5940 /* GithubUsersUITests.xctest */,
			);
			name = Products;
			sourceTree = "<group>";
		};
		8CB952272A17A69000DF5940 /* GithubUsers */ = {
			isa = PBXGroup;
			children = (
				8CE63AF52A1E039000769C3D /* screenshot */,
				8C5AD96C2A1BAEB800CF79A7 /* Views */,
				8CB9527D2A18B66D00DF5940 /* Utilities */,
				8CB9527A2A18B5FA00DF5940 /* Repositiories */,
				8CB952732A17C3B800DF5940 /* Data */,
				8CB9525D2A17A70400DF5940 /* Storyboards */,
				8CB9525C2A17A6E300DF5940 /* Resources */,
				8CB9525B2A17A6C700DF5940 /* ViewModels */,
				8CB9525A2A17A6BB00DF5940 /* Models */,
				8CB952592A17A6AE00DF5940 /* ViewControllers */,
				8CB952362A17A69100DF5940 /* Info.plist */,
			);
			path = GithubUsers;
			sourceTree = "<group>";
		};
		8CB9523E2A17A69200DF5940 /* GithubUsersTests */ = {
			isa = PBXGroup;
			children = (
				8CB9523F2A17A69200DF5940 /* GithubUsersTests.swift */,
				8C5AD9812A1DDDEE00CF79A7 /* APIMockingTests.swift */,
				8C5AD9882A1DDFAD00CF79A7 /* UserServiceTests.swift */,
				8C5AD98A2A1DE11E00CF79A7 /* FollowersServiceTests.swift */,
			);
			path = GithubUsersTests;
			sourceTree = "<group>";
		};
		8CB952482A17A69200DF5940 /* GithubUsersUITests */ = {
			isa = PBXGroup;
			children = (
				8CB952492A17A69200DF5940 /* GithubUsersUITests.swift */,
				8CB9524B2A17A69200DF5940 /* GithubUsersUITestsLaunchTests.swift */,
			);
			path = GithubUsersUITests;
			sourceTree = "<group>";
		};
		8CB952582A17A6A300DF5940 /* Network */ = {
			isa = PBXGroup;
			children = (
				8CB9525E2A17A73100DF5940 /* ApiService.swift */,
				8CB952602A17A74C00DF5940 /* Reachability.swift */,
			);
			path = Network;
			sourceTree = "<group>";
		};
		8CB952592A17A6AE00DF5940 /* ViewControllers */ = {
			isa = PBXGroup;
			children = (
				8CB9522C2A17A69000DF5940 /* ViewController.swift */,
			);
			path = ViewControllers;
			sourceTree = "<group>";
		};
		8CB9525A2A17A6BB00DF5940 /* Models */ = {
			isa = PBXGroup;
			children = (
			);
			path = Models;
			sourceTree = "<group>";
		};
		8CB9525B2A17A6C700DF5940 /* ViewModels */ = {
			isa = PBXGroup;
			children = (
				8CB952832A18B84B00DF5940 /* UserViewModel */,
			);
			path = ViewModels;
			sourceTree = "<group>";
		};
		8CB9525C2A17A6E300DF5940 /* Resources */ = {
			isa = PBXGroup;
			children = (
				8CB952282A17A69000DF5940 /* AppDelegate.swift */,
				8CB9522A2A17A69000DF5940 /* SceneDelegate.swift */,
				8CB952312A17A69100DF5940 /* Assets.xcassets */,
			);
			path = Resources;
			sourceTree = "<group>";
		};
		8CB9525D2A17A70400DF5940 /* Storyboards */ = {
			isa = PBXGroup;
			children = (
				8CB9522E2A17A69000DF5940 /* Main.storyboard */,
				8CB952332A17A69100DF5940 /* LaunchScreen.storyboard */,
			);
			path = Storyboards;
			sourceTree = "<group>";
		};
		8CB952732A17C3B800DF5940 /* Data */ = {
			isa = PBXGroup;
			children = (
				8C5AD9832A1DDE9F00CF79A7 /* Mock */,
				8CB952802A18B77200DF5940 /* Models */,
				8CB952772A18AD6C00DF5940 /* Entities */,
				8CB952742A17C3C300DF5940 /* DB */,
				8CB952582A17A6A300DF5940 /* Network */,
			);
			path = Data;
			sourceTree = "<group>";
		};
		8CB952742A17C3C300DF5940 /* DB */ = {
			isa = PBXGroup;
			children = (
				8CB952752A17C3E000DF5940 /* DbManager.swift */,
			);
			path = DB;
			sourceTree = "<group>";
		};
		8CB952772A18AD6C00DF5940 /* Entities */ = {
			isa = PBXGroup;
			children = (
				8CB952782A18AD8000DF5940 /* UserEntity.swift */,
				8C5AD97F2A1CDDEB00CF79A7 /* FollowersEntity.swift */,
			);
			path = Entities;
			sourceTree = "<group>";
		};
		8CB9527A2A18B5FA00DF5940 /* Repositiories */ = {
			isa = PBXGroup;
			children = (
				8CB9527B2A18B60E00DF5940 /* UserRepository.swift */,
				8C5AD9682A1BA98D00CF79A7 /* FollowerRepository.swift */,
			);
			path = Repositiories;
			sourceTree = "<group>";
		};
		8CB9527D2A18B66D00DF5940 /* Utilities */ = {
			isa = PBXGroup;
			children = (
				8CB9527E2A18B67900DF5940 /* Constants.swift */,
				8C5AD9662A1B9DE600CF79A7 /* Extensions.swift */,
				8C5AD97D2A1CB87F00CF79A7 /* MessageView.swift */,
			);
			path = Utilities;
			sourceTree = "<group>";
		};
		8CB952802A18B77200DF5940 /* Models */ = {
			isa = PBXGroup;
			children = (
				8CB952812A18B7BF00DF5940 /* UserModel.swift */,
				8C5AD96A2A1BAD8500CF79A7 /* FollowModel.swift */,
				8C5AD9912A1DE56F00CF79A7 /* ServiceError.swift */,
			);
			path = Models;
			sourceTree = "<group>";
		};
		8CB952832A18B84B00DF5940 /* UserViewModel */ = {
			isa = PBXGroup;
			children = (
				8CB952842A18B86100DF5940 /* UserViewModel.swift */,
			);
			path = UserViewModel;
			sourceTree = "<group>";
		};
		8CE63AF52A1E039000769C3D /* screenshot */ = {
			isa = PBXGroup;
			children = (
				8CE63AF62A1E03AC00769C3D /* profile.png */,
				8CE63AF92A1E03AC00769C3D /* search.png */,
				8CE63AF72A1E03AC00769C3D /* splash.png */,
				8CE63AF82A1E03AC00769C3D /* tests.png */,
			);
			path = screenshot;
			sourceTree = "<group>";
		};
/* End PBXGroup section */

/* Begin PBXNativeTarget section */
		8CB952242A17A69000DF5940 /* GithubUsers */ = {
			isa = PBXNativeTarget;
			buildConfigurationList = 8CB9524F2A17A69200DF5940 /* Build configuration list for PBXNativeTarget "GithubUsers" */;
			buildPhases = (
				8CB952212A17A69000DF5940 /* Sources */,
				8CB952222A17A69000DF5940 /* Frameworks */,
				8CB952232A17A69000DF5940 /* Resources */,
			);
			buildRules = (
			);
			dependencies = (
			);
			name = GithubUsers;
			packageProductDependencies = (
				8CB9526A2A17A8D400DF5940 /* RxRelay */,
				8CB9526C2A17A8D400DF5940 /* RxSwift */,
				8CB9526F2A17BDAA00DF5940 /* Realm */,
				8CB952712A17BDAA00DF5940 /* RealmSwift */,
				8C5AD9642A1B9D7F00CF79A7 /* Kingfisher */,
				8C5AD97B2A1C5B0500CF79A7 /* UIView-Shimmer */,
			);
			productName = GithubUsers;
			productReference = 8CB952252A17A69000DF5940 /* GithubUsers.app */;
			productType = "com.apple.product-type.application";
		};
		8CB9523A2A17A69200DF5940 /* GithubUsersTests */ = {
			isa = PBXNativeTarget;
			buildConfigurationList = 8CB952522A17A69200DF5940 /* Build configuration list for PBXNativeTarget "GithubUsersTests" */;
			buildPhases = (
				8CB952372A17A69200DF5940 /* Sources */,
				8CB952382A17A69200DF5940 /* Frameworks */,
				8CB952392A17A69200DF5940 /* Resources */,
			);
			buildRules = (
			);
			dependencies = (
				8CB9523D2A17A69200DF5940 /* PBXTargetDependency */,
			);
			name = GithubUsersTests;
			packageProductDependencies = (
				8CE63ADF2A1DF38E00769C3D /* Realm */,
				8CE63AE12A1DF39400769C3D /* RealmSwift */,
			);
			productName = GithubUsersTests;
			productReference = 8CB9523B2A17A69200DF5940 /* GithubUsersTests.xctest */;
			productType = "com.apple.product-type.bundle.unit-test";
		};
		8CB952442A17A69200DF5940 /* GithubUsersUITests */ = {
			isa = PBXNativeTarget;
			buildConfigurationList = 8CB952552A17A69200DF5940 /* Build configuration list for PBXNativeTarget "GithubUsersUITests" */;
			buildPhases = (
				8CB952412A17A69200DF5940 /* Sources */,
				8CB952422A17A69200DF5940 /* Frameworks */,
				8CB952432A17A69200DF5940 /* Resources */,
			);
			buildRules = (
			);
			dependencies = (
				8CB952472A17A69200DF5940 /* PBXTargetDependency */,
			);
			name = GithubUsersUITests;
			productName = GithubUsersUITests;
			productReference = 8CB952452A17A69200DF5940 /* GithubUsersUITests.xctest */;
			productType = "com.apple.product-type.bundle.ui-testing";
		};
/* End PBXNativeTarget section */

/* Begin PBXProject section */
		8CB9521D2A17A69000DF5940 /* Project object */ = {
			isa = PBXProject;
			attributes = {
				BuildIndependentTargetsInParallel = 1;
				LastSwiftUpdateCheck = 1430;
				LastUpgradeCheck = 1430;
				TargetAttributes = {
					8CB952242A17A69000DF5940 = {
						CreatedOnToolsVersion = 14.3;
					};
					8CB9523A2A17A69200DF5940 = {
						CreatedOnToolsVersion = 14.3;
						TestTargetID = 8CB952242A17A69000DF5940;
					};
					8CB952442A17A69200DF5940 = {
						CreatedOnToolsVersion = 14.3;
						TestTargetID = 8CB952242A17A69000DF5940;
					};
				};
			};
			buildConfigurationList = 8CB952202A17A69000DF5940 /* Build configuration list for PBXProject "GithubUsers" */;
			compatibilityVersion = "Xcode 13.0";
			developmentRegion = en;
			hasScannedForEncodings = 0;
			knownRegions = (
				en,
				Base,
			);
			mainGroup = 8CB9521C2A17A69000DF5940;
			packageReferences = (
				8CB952692A17A8D400DF5940 /* XCRemoteSwiftPackageReference "RxSwift" */,
				8CB9526E2A17BDAA00DF5940 /* XCRemoteSwiftPackageReference "realm-swift" */,
				8C5AD9632A1B9D7F00CF79A7 /* XCRemoteSwiftPackageReference "Kingfisher" */,
				8C5AD97A2A1C5B0500CF79A7 /* XCRemoteSwiftPackageReference "UIView-Shimmer" */,
			);
			productRefGroup = 8CB952262A17A69000DF5940 /* Products */;
			projectDirPath = "";
			projectRoot = "";
			targets = (
				8CB952242A17A69000DF5940 /* GithubUsers */,
				8CB9523A2A17A69200DF5940 /* GithubUsersTests */,
				8CB952442A17A69200DF5940 /* GithubUsersUITests */,
			);
		};
/* End PBXProject section */

/* Begin PBXResourcesBuildPhase section */
		8CB952232A17A69000DF5940 /* Resources */ = {
			isa = PBXResourcesBuildPhase;
			buildActionMask = 2147483647;
			files = (
				8CE63AFC2A1E03AD00769C3D /* tests.png in Resources */,
				8CB952352A17A69100DF5940 /* LaunchScreen.storyboard in Resources */,
				8CB952322A17A69100DF5940 /* Assets.xcassets in Resources */,
				8CE63AFD2A1E03AD00769C3D /* search.png in Resources */,
				8CB952302A17A69000DF5940 /* Main.storyboard in Resources */,
				8CE63AFB2A1E03AD00769C3D /* splash.png in Resources */,
				8CE63AFA2A1E03AD00769C3D /* profile.png in Resources */,
			);
			runOnlyForDeploymentPostprocessing = 0;
		};
		8CB952392A17A69200DF5940 /* Resources */ = {
			isa = PBXResourcesBuildPhase;
			buildActionMask = 2147483647;
			files = (
			);
			runOnlyForDeploymentPostprocessing = 0;
		};
		8CB952432A17A69200DF5940 /* Resources */ = {
			isa = PBXResourcesBuildPhase;
			buildActionMask = 2147483647;
			files = (
			);
			runOnlyForDeploymentPostprocessing = 0;
		};
/* End PBXResourcesBuildPhase section */

/* Begin PBXSourcesBuildPhase section */
		8CB952212A17A69000DF5940 /* Sources */ = {
			isa = PBXSourcesBuildPhase;
			buildActionMask = 2147483647;
			files = (
				8C5AD9922A1DE56F00CF79A7 /* ServiceError.swift in Sources */,
				8C5AD96E2A1BAEFF00CF79A7 /* FollowingCell.swift in Sources */,
				8CB9522D2A17A69000DF5940 /* ViewController.swift in Sources */,
				8CB952852A18B86100DF5940 /* UserViewModel.swift in Sources */,
				8C5AD9852A1DDEB400CF79A7 /* MockURLProtocol.swift in Sources */,
				8CB952292A17A69000DF5940 /* AppDelegate.swift in Sources */,
				8CB9525F2A17A73100DF5940 /* ApiService.swift in Sources */,
				8C5AD96B2A1BAD8500CF79A7 /* FollowModel.swift in Sources */,
				8CB952612A17A74C00DF5940 /* Reachability.swift in Sources */,
				8CB952792A18AD8000DF5940 /* UserEntity.swift in Sources */,
				8CB952762A17C3E000DF5940 /* DbManager.swift in Sources */,
				8C5AD9872A1DDED000CF79A7 /* MockService.swift in Sources */,
				8C5AD9672A1B9DE600CF79A7 /* Extensions.swift in Sources */,
				8C5AD9692A1BA98D00CF79A7 /* FollowerRepository.swift in Sources */,
				8CB9527C2A18B60E00DF5940 /* UserRepository.swift in Sources */,
				8C5AD9802A1CDDEB00CF79A7 /* FollowersEntity.swift in Sources */,
				8C5AD97E2A1CB87F00CF79A7 /* MessageView.swift in Sources */,
				8CB9522B2A17A69000DF5940 /* SceneDelegate.swift in Sources */,
				8CB952822A18B7BF00DF5940 /* UserModel.swift in Sources */,
				8CB9527F2A18B67900DF5940 /* Constants.swift in Sources */,
			);
			runOnlyForDeploymentPostprocessing = 0;
		};
		8CB952372A17A69200DF5940 /* Sources */ = {
			isa = PBXSourcesBuildPhase;
			buildActionMask = 2147483647;
			files = (
				8CB952402A17A69200DF5940 /* GithubUsersTests.swift in Sources */,
				8C5AD9822A1DDDEE00CF79A7 /* APIMockingTests.swift in Sources */,
				8C5AD9892A1DDFAD00CF79A7 /* UserServiceTests.swift in Sources */,
				8C5AD98B2A1DE11E00CF79A7 /* FollowersServiceTests.swift in Sources */,
			);
			runOnlyForDeploymentPostprocessing = 0;
		};
		8CB952412A17A69200DF5940 /* Sources */ = {
			isa = PBXSourcesBuildPhase;
			buildActionMask = 2147483647;
			files = (
				8CB9524C2A17A69200DF5940 /* GithubUsersUITestsLaunchTests.swift in Sources */,
				8CB9524A2A17A69200DF5940 /* GithubUsersUITests.swift in Sources */,
			);
			runOnlyForDeploymentPostprocessing = 0;
		};
/* End PBXSourcesBuildPhase section */

/* Begin PBXTargetDependency section */
		8CB9523D2A17A69200DF5940 /* PBXTargetDependency */ = {
			isa = PBXTargetDependency;
			target = 8CB952242A17A69000DF5940 /* GithubUsers */;
			targetProxy = 8CB9523C2A17A69200DF5940 /* PBXContainerItemProxy */;
		};
		8CB952472A17A69200DF5940 /* PBXTargetDependency */ = {
			isa = PBXTargetDependency;
			target = 8CB952242A17A69000DF5940 /* GithubUsers */;
			targetProxy = 8CB952462A17A69200DF5940 /* PBXContainerItemProxy */;
		};
/* End PBXTargetDependency section */

/* Begin PBXVariantGroup section */
		8CB9522E2A17A69000DF5940 /* Main.storyboard */ = {
			isa = PBXVariantGroup;
			children = (
				8CB9522F2A17A69000DF5940 /* Base */,
			);
			name = Main.storyboard;
			sourceTree = "<group>";
		};
		8CB952332A17A69100DF5940 /* LaunchScreen.storyboard */ = {
			isa = PBXVariantGroup;
			children = (
				8CB952342A17A69100DF5940 /* Base */,
			);
			name = LaunchScreen.storyboard;
			sourceTree = "<group>";
		};
/* End PBXVariantGroup section */

/* Begin XCBuildConfiguration section */
		8CB9524D2A17A69200DF5940 /* Debug */ = {
			isa = XCBuildConfiguration;
			buildSettings = {
				ALWAYS_SEARCH_USER_PATHS = NO;
				CLANG_ANALYZER_NONNULL = YES;
				CLANG_ANALYZER_NUMBER_OBJECT_CONVERSION = YES_AGGRESSIVE;
				CLANG_CXX_LANGUAGE_STANDARD = "gnu++20";
				CLANG_ENABLE_MODULES = YES;
				CLANG_ENABLE_OBJC_ARC = YES;
				CLANG_ENABLE_OBJC_WEAK = YES;
				CLANG_WARN_BLOCK_CAPTURE_AUTORELEASING = YES;
				CLANG_WARN_BOOL_CONVERSION = YES;
				CLANG_WARN_COMMA = YES;
				CLANG_WARN_CONSTANT_CONVERSION = YES;
				CLANG_WARN_DEPRECATED_OBJC_IMPLEMENTATIONS = YES;
				CLANG_WARN_DIRECT_OBJC_ISA_USAGE = YES_ERROR;
				CLANG_WARN_DOCUMENTATION_COMMENTS = YES;
				CLANG_WARN_EMPTY_BODY = YES;
				CLANG_WARN_ENUM_CONVERSION = YES;
				CLANG_WARN_INFINITE_RECURSION = YES;
				CLANG_WARN_INT_CONVERSION = YES;
				CLANG_WARN_NON_LITERAL_NULL_CONVERSION = YES;
				CLANG_WARN_OBJC_IMPLICIT_RETAIN_SELF = YES;
				CLANG_WARN_OBJC_LITERAL_CONVERSION = YES;
				CLANG_WARN_OBJC_ROOT_CLASS = YES_ERROR;
				CLANG_WARN_QUOTED_INCLUDE_IN_FRAMEWORK_HEADER = YES;
				CLANG_WARN_RANGE_LOOP_ANALYSIS = YES;
				CLANG_WARN_STRICT_PROTOTYPES = YES;
				CLANG_WARN_SUSPICIOUS_MOVE = YES;
				CLANG_WARN_UNGUARDED_AVAILABILITY = YES_AGGRESSIVE;
				CLANG_WARN_UNREACHABLE_CODE = YES;
				CLANG_WARN__DUPLICATE_METHOD_MATCH = YES;
				COPY_PHASE_STRIP = NO;
				DEBUG_INFORMATION_FORMAT = dwarf;
				ENABLE_STRICT_OBJC_MSGSEND = YES;
				ENABLE_TESTABILITY = YES;
				GCC_C_LANGUAGE_STANDARD = gnu11;
				GCC_DYNAMIC_NO_PIC = NO;
				GCC_NO_COMMON_BLOCKS = YES;
				GCC_OPTIMIZATION_LEVEL = 0;
				GCC_PREPROCESSOR_DEFINITIONS = (
					"DEBUG=1",
					"$(inherited)",
				);
				GCC_WARN_64_TO_32_BIT_CONVERSION = YES;
				GCC_WARN_ABOUT_RETURN_TYPE = YES_ERROR;
				GCC_WARN_UNDECLARED_SELECTOR = YES;
				GCC_WARN_UNINITIALIZED_AUTOS = YES_AGGRESSIVE;
				GCC_WARN_UNUSED_FUNCTION = YES;
				GCC_WARN_UNUSED_VARIABLE = YES;
				IPHONEOS_DEPLOYMENT_TARGET = 16.4;
				MTL_ENABLE_DEBUG_INFO = INCLUDE_SOURCE;
				MTL_FAST_MATH = YES;
				ONLY_ACTIVE_ARCH = YES;
				SDKROOT = iphoneos;
				SWIFT_ACTIVE_COMPILATION_CONDITIONS = DEBUG;
				SWIFT_OPTIMIZATION_LEVEL = "-Onone";
			};
			name = Debug;
		};
		8CB9524E2A17A69200DF5940 /* Release */ = {
			isa = XCBuildConfiguration;
			buildSettings = {
				ALWAYS_SEARCH_USER_PATHS = NO;
				CLANG_ANALYZER_NONNULL = YES;
				CLANG_ANALYZER_NUMBER_OBJECT_CONVERSION = YES_AGGRESSIVE;
				CLANG_CXX_LANGUAGE_STANDARD = "gnu++20";
				CLANG_ENABLE_MODULES = YES;
				CLANG_ENABLE_OBJC_ARC = YES;
				CLANG_ENABLE_OBJC_WEAK = YES;
				CLANG_WARN_BLOCK_CAPTURE_AUTORELEASING = YES;
				CLANG_WARN_BOOL_CONVERSION = YES;
				CLANG_WARN_COMMA = YES;
				CLANG_WARN_CONSTANT_CONVERSION = YES;
				CLANG_WARN_DEPRECATED_OBJC_IMPLEMENTATIONS = YES;
				CLANG_WARN_DIRECT_OBJC_ISA_USAGE = YES_ERROR;
				CLANG_WARN_DOCUMENTATION_COMMENTS = YES;
				CLANG_WARN_EMPTY_BODY = YES;
				CLANG_WARN_ENUM_CONVERSION = YES;
				CLANG_WARN_INFINITE_RECURSION = YES;
				CLANG_WARN_INT_CONVERSION = YES;
				CLANG_WARN_NON_LITERAL_NULL_CONVERSION = YES;
				CLANG_WARN_OBJC_IMPLICIT_RETAIN_SELF = YES;
				CLANG_WARN_OBJC_LITERAL_CONVERSION = YES;
				CLANG_WARN_OBJC_ROOT_CLASS = YES_ERROR;
				CLANG_WARN_QUOTED_INCLUDE_IN_FRAMEWORK_HEADER = YES;
				CLANG_WARN_RANGE_LOOP_ANALYSIS = YES;
				CLANG_WARN_STRICT_PROTOTYPES = YES;
				CLANG_WARN_SUSPICIOUS_MOVE = YES;
				CLANG_WARN_UNGUARDED_AVAILABILITY = YES_AGGRESSIVE;
				CLANG_WARN_UNREACHABLE_CODE = YES;
				CLANG_WARN__DUPLICATE_METHOD_MATCH = YES;
				COPY_PHASE_STRIP = NO;
				DEBUG_INFORMATION_FORMAT = "dwarf-with-dsym";
				ENABLE_NS_ASSERTIONS = NO;
				ENABLE_STRICT_OBJC_MSGSEND = YES;
				GCC_C_LANGUAGE_STANDARD = gnu11;
				GCC_NO_COMMON_BLOCKS = YES;
				GCC_WARN_64_TO_32_BIT_CONVERSION = YES;
				GCC_WARN_ABOUT_RETURN_TYPE = YES_ERROR;
				GCC_WARN_UNDECLARED_SELECTOR = YES;
				GCC_WARN_UNINITIALIZED_AUTOS = YES_AGGRESSIVE;
				GCC_WARN_UNUSED_FUNCTION = YES;
				GCC_WARN_UNUSED_VARIABLE = YES;
				IPHONEOS_DEPLOYMENT_TARGET = 16.4;
				MTL_ENABLE_DEBUG_INFO = NO;
				MTL_FAST_MATH = YES;
				SDKROOT = iphoneos;
				SWIFT_COMPILATION_MODE = wholemodule;
				SWIFT_OPTIMIZATION_LEVEL = "-O";
				VALIDATE_PRODUCT = YES;
			};
			name = Release;
		};
		8CB952502A17A69200DF5940 /* Debug */ = {
			isa = XCBuildConfiguration;
			buildSettings = {
				ASSETCATALOG_COMPILER_APPICON_NAME = AppIcon;
				ASSETCATALOG_COMPILER_GLOBAL_ACCENT_COLOR_NAME = AccentColor;
				CODE_SIGN_STYLE = Automatic;
				CURRENT_PROJECT_VERSION = 1;
				GENERATE_INFOPLIST_FILE = YES;
				INFOPLIST_FILE = GithubUsers/Info.plist;
				INFOPLIST_KEY_UIApplicationSupportsIndirectInputEvents = YES;
				INFOPLIST_KEY_UILaunchStoryboardName = LaunchScreen;
				INFOPLIST_KEY_UIMainStoryboardFile = Main;
				INFOPLIST_KEY_UISupportedInterfaceOrientations_iPad = "UIInterfaceOrientationPortrait UIInterfaceOrientationPortraitUpsideDown UIInterfaceOrientationLandscapeLeft UIInterfaceOrientationLandscapeRight";
				INFOPLIST_KEY_UISupportedInterfaceOrientations_iPhone = "UIInterfaceOrientationPortrait UIInterfaceOrientationLandscapeLeft UIInterfaceOrientationLandscapeRight";
				IPHONEOS_DEPLOYMENT_TARGET = 13.0;
				LD_RUNPATH_SEARCH_PATHS = (
					"$(inherited)",
					"@executable_path/Frameworks",
				);
				MARKETING_VERSION = 1.0;
				PRODUCT_BUNDLE_IDENTIFIER = com.devstart.GithubUsers;
				PRODUCT_NAME = "$(TARGET_NAME)";
				SWIFT_EMIT_LOC_STRINGS = YES;
				SWIFT_VERSION = 5.0;
				TARGETED_DEVICE_FAMILY = "1,2";
			};
			name = Debug;
		};
		8CB952512A17A69200DF5940 /* Release */ = {
			isa = XCBuildConfiguration;
			buildSettings = {
				ASSETCATALOG_COMPILER_APPICON_NAME = AppIcon;
				ASSETCATALOG_COMPILER_GLOBAL_ACCENT_COLOR_NAME = AccentColor;
				CODE_SIGN_STYLE = Automatic;
				CURRENT_PROJECT_VERSION = 1;
				GENERATE_INFOPLIST_FILE = YES;
				INFOPLIST_FILE = GithubUsers/Info.plist;
				INFOPLIST_KEY_UIApplicationSupportsIndirectInputEvents = YES;
				INFOPLIST_KEY_UILaunchStoryboardName = LaunchScreen;
				INFOPLIST_KEY_UIMainStoryboardFile = Main;
				INFOPLIST_KEY_UISupportedInterfaceOrientations_iPad = "UIInterfaceOrientationPortrait UIInterfaceOrientationPortraitUpsideDown UIInterfaceOrientationLandscapeLeft UIInterfaceOrientationLandscapeRight";
				INFOPLIST_KEY_UISupportedInterfaceOrientations_iPhone = "UIInterfaceOrientationPortrait UIInterfaceOrientationLandscapeLeft UIInterfaceOrientationLandscapeRight";
				IPHONEOS_DEPLOYMENT_TARGET = 13.0;
				LD_RUNPATH_SEARCH_PATHS = (
					"$(inherited)",
					"@executable_path/Frameworks",
				);
				MARKETING_VERSION = 1.0;
				PRODUCT_BUNDLE_IDENTIFIER = com.devstart.GithubUsers;
				PRODUCT_NAME = "$(TARGET_NAME)";
				SWIFT_EMIT_LOC_STRINGS = YES;
				SWIFT_VERSION = 5.0;
				TARGETED_DEVICE_FAMILY = "1,2";
			};
			name = Release;
		};
		8CB952532A17A69200DF5940 /* Debug */ = {
			isa = XCBuildConfiguration;
			buildSettings = {
				ALWAYS_EMBED_SWIFT_STANDARD_LIBRARIES = YES;
				BUNDLE_LOADER = "$(TEST_HOST)";
				CODE_SIGN_STYLE = Automatic;
				CURRENT_PROJECT_VERSION = 1;
				GENERATE_INFOPLIST_FILE = YES;
				IPHONEOS_DEPLOYMENT_TARGET = 16.4;
				MARKETING_VERSION = 1.0;
				PRODUCT_BUNDLE_IDENTIFIER = com.devstart.GithubUsersTests;
				PRODUCT_NAME = "$(TARGET_NAME)";
				SWIFT_EMIT_LOC_STRINGS = NO;
				SWIFT_VERSION = 5.0;
				TARGETED_DEVICE_FAMILY = "1,2";
				TEST_HOST = "$(BUILT_PRODUCTS_DIR)/GithubUsers.app/$(BUNDLE_EXECUTABLE_FOLDER_PATH)/GithubUsers";
			};
			name = Debug;
		};
		8CB952542A17A69200DF5940 /* Release */ = {
			isa = XCBuildConfiguration;
			buildSettings = {
				ALWAYS_EMBED_SWIFT_STANDARD_LIBRARIES = YES;
				BUNDLE_LOADER = "$(TEST_HOST)";
				CODE_SIGN_STYLE = Automatic;
				CURRENT_PROJECT_VERSION = 1;
				GENERATE_INFOPLIST_FILE = YES;
				IPHONEOS_DEPLOYMENT_TARGET = 16.4;
				MARKETING_VERSION = 1.0;
				PRODUCT_BUNDLE_IDENTIFIER = com.devstart.GithubUsersTests;
				PRODUCT_NAME = "$(TARGET_NAME)";
				SWIFT_EMIT_LOC_STRINGS = NO;
				SWIFT_VERSION = 5.0;
				TARGETED_DEVICE_FAMILY = "1,2";
				TEST_HOST = "$(BUILT_PRODUCTS_DIR)/GithubUsers.app/$(BUNDLE_EXECUTABLE_FOLDER_PATH)/GithubUsers";
			};
			name = Release;
		};
		8CB952562A17A69200DF5940 /* Debug */ = {
			isa = XCBuildConfiguration;
			buildSettings = {
				ALWAYS_EMBED_SWIFT_STANDARD_LIBRARIES = YES;
				CODE_SIGN_STYLE = Automatic;
				CURRENT_PROJECT_VERSION = 1;
				GENERATE_INFOPLIST_FILE = YES;
				MARKETING_VERSION = 1.0;
				PRODUCT_BUNDLE_IDENTIFIER = com.devstart.GithubUsersUITests;
				PRODUCT_NAME = "$(TARGET_NAME)";
				SWIFT_EMIT_LOC_STRINGS = NO;
				SWIFT_VERSION = 5.0;
				TARGETED_DEVICE_FAMILY = "1,2";
				TEST_TARGET_NAME = GithubUsers;
			};
			name = Debug;
		};
		8CB952572A17A69200DF5940 /* Release */ = {
			isa = XCBuildConfiguration;
			buildSettings = {
				ALWAYS_EMBED_SWIFT_STANDARD_LIBRARIES = YES;
				CODE_SIGN_STYLE = Automatic;
				CURRENT_PROJECT_VERSION = 1;
				GENERATE_INFOPLIST_FILE = YES;
				MARKETING_VERSION = 1.0;
				PRODUCT_BUNDLE_IDENTIFIER = com.devstart.GithubUsersUITests;
				PRODUCT_NAME = "$(TARGET_NAME)";
				SWIFT_EMIT_LOC_STRINGS = NO;
				SWIFT_VERSION = 5.0;
				TARGETED_DEVICE_FAMILY = "1,2";
				TEST_TARGET_NAME = GithubUsers;
			};
			name = Release;
		};
/* End XCBuildConfiguration section */

/* Begin XCConfigurationList section */
		8CB952202A17A69000DF5940 /* Build configuration list for PBXProject "GithubUsers" */ = {
			isa = XCConfigurationList;
			buildConfigurations = (
				8CB9524D2A17A69200DF5940 /* Debug */,
				8CB9524E2A17A69200DF5940 /* Release */,
			);
			defaultConfigurationIsVisible = 0;
			defaultConfigurationName = Release;
		};
		8CB9524F2A17A69200DF5940 /* Build configuration list for PBXNativeTarget "GithubUsers" */ = {
			isa = XCConfigurationList;
			buildConfigurations = (
				8CB952502A17A69200DF5940 /* Debug */,
				8CB952512A17A69200DF5940 /* Release */,
			);
			defaultConfigurationIsVisible = 0;
			defaultConfigurationName = Release;
		};
		8CB952522A17A69200DF5940 /* Build configuration list for PBXNativeTarget "GithubUsersTests" */ = {
			isa = XCConfigurationList;
			buildConfigurations = (
				8CB952532A17A69200DF5940 /* Debug */,
				8CB952542A17A69200DF5940 /* Release */,
			);
			defaultConfigurationIsVisible = 0;
			defaultConfigurationName = Release;
		};
		8CB952552A17A69200DF5940 /* Build configuration list for PBXNativeTarget "GithubUsersUITests" */ = {
			isa = XCConfigurationList;
			buildConfigurations = (
				8CB952562A17A69200DF5940 /* Debug */,
				8CB952572A17A69200DF5940 /* Release */,
			);
			defaultConfigurationIsVisible = 0;
			defaultConfigurationName = Release;
		};
/* End XCConfigurationList section */

/* Begin XCRemoteSwiftPackageReference section */
		8C5AD9632A1B9D7F00CF79A7 /* XCRemoteSwiftPackageReference "Kingfisher" */ = {
			isa = XCRemoteSwiftPackageReference;
			repositoryURL = "https://github.com/onevcat/Kingfisher.git";
			requirement = {
				kind = upToNextMajorVersion;
				minimumVersion = 7.0.0;
			};
		};
		8C5AD97A2A1C5B0500CF79A7 /* XCRemoteSwiftPackageReference "UIView-Shimmer" */ = {
			isa = XCRemoteSwiftPackageReference;
			repositoryURL = "https://github.com/omerfarukozturk/UIView-Shimmer.git";
			requirement = {
				kind = upToNextMajorVersion;
				minimumVersion = 1.0.0;
			};
		};
		8CB952692A17A8D400DF5940 /* XCRemoteSwiftPackageReference "RxSwift" */ = {
			isa = XCRemoteSwiftPackageReference;
			repositoryURL = "https://github.com/ReactiveX/RxSwift";
			requirement = {
				kind = upToNextMajorVersion;
				minimumVersion = 6.0.0;
			};
		};
		8CB9526E2A17BDAA00DF5940 /* XCRemoteSwiftPackageReference "realm-swift" */ = {
			isa = XCRemoteSwiftPackageReference;
			repositoryURL = "https://github.com/realm/realm-swift.git";
			requirement = {
				branch = master;
				kind = branch;
			};
		};
/* End XCRemoteSwiftPackageReference section */

/* Begin XCSwiftPackageProductDependency section */
		8C5AD9642A1B9D7F00CF79A7 /* Kingfisher */ = {
			isa = XCSwiftPackageProductDependency;
			package = 8C5AD9632A1B9D7F00CF79A7 /* XCRemoteSwiftPackageReference "Kingfisher" */;
			productName = Kingfisher;
		};
		8C5AD97B2A1C5B0500CF79A7 /* UIView-Shimmer */ = {
			isa = XCSwiftPackageProductDependency;
			package = 8C5AD97A2A1C5B0500CF79A7 /* XCRemoteSwiftPackageReference "UIView-Shimmer" */;
			productName = "UIView-Shimmer";
		};
		8CB9526A2A17A8D400DF5940 /* RxRelay */ = {
			isa = XCSwiftPackageProductDependency;
			package = 8CB952692A17A8D400DF5940 /* XCRemoteSwiftPackageReference "RxSwift" */;
			productName = RxRelay;
		};
		8CB9526C2A17A8D400DF5940 /* RxSwift */ = {
			isa = XCSwiftPackageProductDependency;
			package = 8CB952692A17A8D400DF5940 /* XCRemoteSwiftPackageReference "RxSwift" */;
			productName = RxSwift;
		};
		8CB9526F2A17BDAA00DF5940 /* Realm */ = {
			isa = XCSwiftPackageProductDependency;
			package = 8CB9526E2A17BDAA00DF5940 /* XCRemoteSwiftPackageReference "realm-swift" */;
			productName = Realm;
		};
		8CB952712A17BDAA00DF5940 /* RealmSwift */ = {
			isa = XCSwiftPackageProductDependency;
			package = 8CB9526E2A17BDAA00DF5940 /* XCRemoteSwiftPackageReference "realm-swift" */;
			productName = RealmSwift;
		};
		8CE63ADF2A1DF38E00769C3D /* Realm */ = {
			isa = XCSwiftPackageProductDependency;
			package = 8CB9526E2A17BDAA00DF5940 /* XCRemoteSwiftPackageReference "realm-swift" */;
			productName = Realm;
		};
		8CE63AE12A1DF39400769C3D /* RealmSwift */ = {
			isa = XCSwiftPackageProductDependency;
			package = 8CB9526E2A17BDAA00DF5940 /* XCRemoteSwiftPackageReference "realm-swift" */;
			productName = RealmSwift;
		};
/* End XCSwiftPackageProductDependency section */
	};
	rootObject = 8CB9521D2A17A69000DF5940 /* Project object */;
}
